{
	"name": "the-equalizer",
	"version": "0.0.0",
	"lockfileVersion": 1,
	"requires": true,
	"dependencies": {
		"@types/node": {
			"version": "8.0.53",
			"resolved": "https://registry.npmjs.org/@types/node/-/node-8.0.53.tgz",
			"integrity": "sha512-54Dm6NwYeiSQmRB1BLXKr5GELi0wFapR1npi8bnZhEcu84d/yQKqnwwXQ56hZ0RUbTG6L5nqDZaN3dgByQXQRQ=="
		},
		"bindings": {
			"version": "1.3.0",
			"resolved": "https://registry.npmjs.org/bindings/-/bindings-1.3.0.tgz",
			"integrity": "sha512-DpLh5EzMR2kzvX1KIlVC0VkC3iZtHKTgdtZ0a3pglBZdaQFjt5S9g9xd1lE+YvXyfd6mtCeRnrUfOLYiTMlNSw=="
		},
		"discord.js": {
			"version": "11.2.1",
			"resolved": "https://registry.npmjs.org/discord.js/-/discord.js-11.2.1.tgz",
			"integrity": "sha512-8Mor+IREVWHinjRd6Bu6OwRfT+ET/WEoLWMl8crFvBVcTFmaO/TSwP39C8QIGCB2YMVMYMdljjX/w17AUMemqg==",
			"requires": {
				"long": "3.2.0",
				"prism-media": "0.0.1",
				"snekfetch": "3.3.0",
				"tweetnacl": "1.0.0",
				"ws": "3.1.0"
			}
		},
		"erlpack": {
			"version": "github:discordapp/erlpack#674ebfd3439ba4b7ce616709821d27630f7cdc61",
			"requires": {
				"bindings": "1.3.0",
				"nan": "2.8.0"
			}
		},
		"long": {
			"version": "3.2.0",
			"resolved": "https://registry.npmjs.org/long/-/long-3.2.0.tgz",
			"integrity": "sha1-2CG3E4yhy1gcFymQ7xTbIAtcR0s="
		},
		"nan": {
			"version": "2.8.0",
			"resolved": "https://registry.npmjs.org/nan/-/nan-2.8.0.tgz",
			"integrity": "sha1-7XFfP+neArV6XmJS2QqWZ14fCFo="
		},
		"prism-media": {
			"version": "0.0.1",
			"resolved": "https://registry.npmjs.org/prism-media/-/prism-media-0.0.1.tgz",
			"integrity": "sha1-o0JcnKvVDRxsAuVDlBoRiVZnvRA="
		},
		"snekfetch": {
			"version": "3.3.0",
			"resolved": "https://registry.npmjs.org/snekfetch/-/snekfetch-3.3.0.tgz",
			"integrity": "sha512-R0VGqazwvZChkYuidDdaAzkvD6hUJ/qxfFUykyD1eovfH6PC2d9C9Qv+z4bUjMmKjBp0FE6GxMZtE9IKY/dngA=="
		},
		"tweetnacl": {
			"version": "1.0.0",
			"resolved": "https://registry.npmjs.org/tweetnacl/-/tweetnacl-1.0.0.tgz",
			"integrity": "sha1-cT2LgY2kIGh0C/aDhtBHnmb8ins="
		},
		"typescript": {
			"version": "2.6.1",
			"resolved": "https://registry.npmjs.org/typescript/-/typescript-2.6.1.tgz",
			"integrity": "sha1-7znN6ierrAtQAkLWcmq5DgyEZjE="
		},
		"ultron": {
			"version": "1.1.0",
			"resolved": "https://registry.npmjs.org/ultron/-/ultron-1.1.0.tgz",
			"integrity": "sha1-sHoualQagV/Go0zNRTO67DB8qGQ="
		},
		"uws": {
			"version": "9.14.0",
			"resolved": "https://registry.npmjs.org/uws/-/uws-9.14.0.tgz",
			"integrity": "sha512-HNMztPP5A1sKuVFmdZ6BPVpBQd5bUjNC8EFMFiICK+oho/OQsAJy5hnIx4btMHiOk8j04f/DbIlqnEZ9d72dqg=="
		},
		"ws": {
			"version": "3.1.0",
			"resolved": "https://registry.npmjs.org/ws/-/ws-3.1.0.tgz",
			"integrity": "sha512-TU4/qKFlyQFqNITNWiqPCUY9GqlAhEotlzfcZcve6VT1YEngQl1dDMqwQQS3eMYruJ5r/UD3lcsWib6iVMDGDw==",
			"requires": {
				"safe-buffer": "5.1.1",
				"ultron": "1.1.0"
			},
			"dependencies": {
				"safe-buffer": {
					"version": "5.1.1",
					"resolved": "https://registry.npmjs.org/safe-buffer/-/safe-buffer-5.1.1.tgz",
					"integrity": "sha512-kKvNJn6Mm93gAczWVJg7wH+wGYWNrDHdWvpUmHyEsgCtIwwo3bqPtV4tR5tuPaUhTOo/kvhVwd8XwwOllGYkbg=="
				}
			}
		}
	}
}
